
Microsoft Visual Studio Solution File, Format Version 12.00
# Visual Studio Version 16
VisualStudioVersion = 16.0.29102.190
MinimumVisualStudioVersion = 10.0.40219.1
Project("{FAE04EC0-301F-11D3-BF4B-00C04F79EFBC}") = "visual123", "visual123\visual123.csproj", "{60F28E75-393E-491D-8277-50BB0992FE7A}"
EndProject
Global
	GlobalSection(SolutionConfigurationPlatforms) = preSolution
		Debug|Any CPU = Debug|Any CPU
		Release|Any CPU = Release|Any CPU
	EndGlobalSection
	GlobalSection(ProjectConfigurationPlatforms) = postSolution
		{60F28E75-393E-491D-8277-50BB0992FE7A}.Debug|Any CPU.ActiveCfg = Debug|Any CPU
		{60F28E75-393E-491D-8277-50BB0992FE7A}.Debug|Any CPU.Build.0 = Debug|Any CPU
		{60F28E75-393E-491D-8277-50BB0992FE7A}.Release|Any CPU.ActiveCfg = Release|Any CPU
		{60F28E75-393E-491D-8277-50BB0992FE7A}.Release|Any CPU.Build.0 = Release|Any CPU
	EndGlobalSection
	GlobalSection(SolutionProperties) = preSolution
		HideSolutionNode = FALSE
	EndGlobalSection
	GlobalSection(ExtensibilityGlobals) = postSolution
		SolutionGuid = {8E545017-4C81-4183-8330-67A2E0B3B17D}
	EndGlobalSection
EndGlobal
